
Microsoft Visual Studio Solution File, Format Version 12.00
# Visual Studio Version 17
VisualStudioVersion = 17.0.31903.59
MinimumVisualStudioVersion = 10.0.40219.1
Project("{FAE04EC0-301F-11D3-BF4B-00C04F79EFBC}") = "ChariotS", "ChariotS\ChariotS.csproj", "{4D410BFA-CB6A-4A05-907B-E1E234213B94}"
EndProject
Global
	GlobalSection(SolutionConfigurationPlatforms) = preSolution
		Debug|Any CPU = Debug|Any CPU
		Release|Any CPU = Release|Any CPU
	EndGlobalSection
	GlobalSection(SolutionProperties) = preSolution
		HideSolutionNode = FALSE
	EndGlobalSection
	GlobalSection(ProjectConfigurationPlatforms) = postSolution
		{4D410BFA-CB6A-4A05-907B-E1E234213B94}.Debug|Any CPU.ActiveCfg = Debug|Any CPU
		{4D410BFA-CB6A-4A05-907B-E1E234213B94}.Debug|Any CPU.Build.0 = Debug|Any CPU
		{4D410BFA-CB6A-4A05-907B-E1E234213B94}.Release|Any CPU.ActiveCfg = Release|Any CPU
		{4D410BFA-CB6A-4A05-907B-E1E234213B94}.Release|Any CPU.Build.0 = Release|Any CPU
	EndGlobalSection
EndGlobal
