
Microsoft Visual Studio Solution File, Format Version 12.00
# Visual Studio Version 17
VisualStudioVersion = 17.0.31903.59
MinimumVisualStudioVersion = 10.0.40219.1
Project("{FAE04EC0-301F-11D3-BF4B-00C04F79EFBC}") = "ChariotSanzzo", "ChariotSanzzo\ChariotSanzzo.csproj", "{7F710E5B-5B92-4FE1-A2BB-568D9845F5BC}"
EndProject
Project("{FAE04EC0-301F-11D3-BF4B-00C04F79EFBC}") = "STPlib", "STPlib\STPlib.csproj", "{4C1749F0-E557-434F-9ECE-7DA84A219C92}"
EndProject
Project("{FAE04EC0-301F-11D3-BF4B-00C04F79EFBC}") = "Gjallarhorn", "Gjallarhorn\Gjallarhorn.csproj", "{C1CDF72F-6DCD-4C15-8617-6967A105C96C}"
EndProject
Global
	GlobalSection(SolutionProperties) = preSolution
		HideSolutionNode = FALSE
	EndGlobalSection
	GlobalSection(SolutionConfigurationPlatforms) = preSolution
		Debug|Any CPU = Debug|Any CPU
		Debug|x64 = Debug|x64
		Debug|x86 = Debug|x86
		Release|Any CPU = Release|Any CPU
		Release|x64 = Release|x64
		Release|x86 = Release|x86
	EndGlobalSection
	GlobalSection(ProjectConfigurationPlatforms) = postSolution
		{7F710E5B-5B92-4FE1-A2BB-568D9845F5BC}.Debug|Any CPU.ActiveCfg = Debug|Any CPU
		{7F710E5B-5B92-4FE1-A2BB-568D9845F5BC}.Debug|Any CPU.Build.0 = Debug|Any CPU
		{7F710E5B-5B92-4FE1-A2BB-568D9845F5BC}.Debug|x64.ActiveCfg = Debug|Any CPU
		{7F710E5B-5B92-4FE1-A2BB-568D9845F5BC}.Debug|x64.Build.0 = Debug|Any CPU
		{7F710E5B-5B92-4FE1-A2BB-568D9845F5BC}.Debug|x86.ActiveCfg = Debug|Any CPU
		{7F710E5B-5B92-4FE1-A2BB-568D9845F5BC}.Debug|x86.Build.0 = Debug|Any CPU
		{7F710E5B-5B92-4FE1-A2BB-568D9845F5BC}.Release|Any CPU.ActiveCfg = Release|Any CPU
		{7F710E5B-5B92-4FE1-A2BB-568D9845F5BC}.Release|Any CPU.Build.0 = Release|Any CPU
		{7F710E5B-5B92-4FE1-A2BB-568D9845F5BC}.Release|x64.ActiveCfg = Release|Any CPU
		{7F710E5B-5B92-4FE1-A2BB-568D9845F5BC}.Release|x64.Build.0 = Release|Any CPU
		{7F710E5B-5B92-4FE1-A2BB-568D9845F5BC}.Release|x86.ActiveCfg = Release|Any CPU
		{7F710E5B-5B92-4FE1-A2BB-568D9845F5BC}.Release|x86.Build.0 = Release|Any CPU
		{4C1749F0-E557-434F-9ECE-7DA84A219C92}.Debug|Any CPU.ActiveCfg = Debug|Any CPU
		{4C1749F0-E557-434F-9ECE-7DA84A219C92}.Debug|Any CPU.Build.0 = Debug|Any CPU
		{4C1749F0-E557-434F-9ECE-7DA84A219C92}.Debug|x64.ActiveCfg = Debug|Any CPU
		{4C1749F0-E557-434F-9ECE-7DA84A219C92}.Debug|x64.Build.0 = Debug|Any CPU
		{4C1749F0-E557-434F-9ECE-7DA84A219C92}.Debug|x86.ActiveCfg = Debug|Any CPU
		{4C1749F0-E557-434F-9ECE-7DA84A219C92}.Debug|x86.Build.0 = Debug|Any CPU
		{4C1749F0-E557-434F-9ECE-7DA84A219C92}.Release|Any CPU.ActiveCfg = Release|Any CPU
		{4C1749F0-E557-434F-9ECE-7DA84A219C92}.Release|Any CPU.Build.0 = Release|Any CPU
		{4C1749F0-E557-434F-9ECE-7DA84A219C92}.Release|x64.ActiveCfg = Release|Any CPU
		{4C1749F0-E557-434F-9ECE-7DA84A219C92}.Release|x64.Build.0 = Release|Any CPU
		{4C1749F0-E557-434F-9ECE-7DA84A219C92}.Release|x86.ActiveCfg = Release|Any CPU
		{4C1749F0-E557-434F-9ECE-7DA84A219C92}.Release|x86.Build.0 = Release|Any CPU
		{C1CDF72F-6DCD-4C15-8617-6967A105C96C}.Debug|Any CPU.ActiveCfg = Debug|Any CPU
		{C1CDF72F-6DCD-4C15-8617-6967A105C96C}.Debug|Any CPU.Build.0 = Debug|Any CPU
		{C1CDF72F-6DCD-4C15-8617-6967A105C96C}.Debug|x64.ActiveCfg = Debug|Any CPU
		{C1CDF72F-6DCD-4C15-8617-6967A105C96C}.Debug|x64.Build.0 = Debug|Any CPU
		{C1CDF72F-6DCD-4C15-8617-6967A105C96C}.Debug|x86.ActiveCfg = Debug|Any CPU
		{C1CDF72F-6DCD-4C15-8617-6967A105C96C}.Debug|x86.Build.0 = Debug|Any CPU
		{C1CDF72F-6DCD-4C15-8617-6967A105C96C}.Release|Any CPU.ActiveCfg = Release|Any CPU
		{C1CDF72F-6DCD-4C15-8617-6967A105C96C}.Release|Any CPU.Build.0 = Release|Any CPU
		{C1CDF72F-6DCD-4C15-8617-6967A105C96C}.Release|x64.ActiveCfg = Release|Any CPU
		{C1CDF72F-6DCD-4C15-8617-6967A105C96C}.Release|x64.Build.0 = Release|Any CPU
		{C1CDF72F-6DCD-4C15-8617-6967A105C96C}.Release|x86.ActiveCfg = Release|Any CPU
		{C1CDF72F-6DCD-4C15-8617-6967A105C96C}.Release|x86.Build.0 = Release|Any CPU
	EndGlobalSection
EndGlobal
